
Microsoft Visual Studio Solution File, Format Version 12.00
# Visual Studio 15
VisualStudioVersion = 15.0.27428.2037
MinimumVisualStudioVersion = 10.0.40219.1
Project("{FAE04EC0-301F-11D3-BF4B-00C04F79EFBC}") = "SmartDataAnalysis", "TBMails\SmartDataAnalysis.csproj", "{3187518B-EE3B-4338-A897-42836386FC4D}"
EndProject
Global
	GlobalSection(SolutionConfigurationPlatforms) = preSolution
		Debug|Any CPU = Debug|Any CPU
		Debug|Final = Debug|Final
		Debug|x64 = Debug|x64
		Debug|x86 = Debug|x86
		Release|Any CPU = Release|Any CPU
		Release|Final = Release|Final
		Release|x64 = Release|x64
		Release|x86 = Release|x86
	EndGlobalSection
	GlobalSection(ProjectConfigurationPlatforms) = postSolution
		{3187518B-EE3B-4338-A897-42836386FC4D}.Debug|Any CPU.ActiveCfg = Debug|Any CPU
		{3187518B-EE3B-4338-A897-42836386FC4D}.Debug|Any CPU.Build.0 = Debug|Any CPU
		{3187518B-EE3B-4338-A897-42836386FC4D}.Debug|Final.ActiveCfg = Debug|x86
		{3187518B-EE3B-4338-A897-42836386FC4D}.Debug|Final.Build.0 = Debug|x86
		{3187518B-EE3B-4338-A897-42836386FC4D}.Debug|x64.ActiveCfg = Debug|Any CPU
		{3187518B-EE3B-4338-A897-42836386FC4D}.Debug|x64.Build.0 = Debug|Any CPU
		{3187518B-EE3B-4338-A897-42836386FC4D}.Debug|x86.ActiveCfg = Debug|x86
		{3187518B-EE3B-4338-A897-42836386FC4D}.Debug|x86.Build.0 = Debug|x86
		{3187518B-EE3B-4338-A897-42836386FC4D}.Release|Any CPU.ActiveCfg = Release|Any CPU
		{3187518B-EE3B-4338-A897-42836386FC4D}.Release|Any CPU.Build.0 = Release|Any CPU
		{3187518B-EE3B-4338-A897-42836386FC4D}.Release|Final.ActiveCfg = Release|x86
		{3187518B-EE3B-4338-A897-42836386FC4D}.Release|Final.Build.0 = Release|x86
		{3187518B-EE3B-4338-A897-42836386FC4D}.Release|x64.ActiveCfg = Release|Any CPU
		{3187518B-EE3B-4338-A897-42836386FC4D}.Release|x64.Build.0 = Release|Any CPU
		{3187518B-EE3B-4338-A897-42836386FC4D}.Release|x86.ActiveCfg = Release|x86
		{3187518B-EE3B-4338-A897-42836386FC4D}.Release|x86.Build.0 = Release|x86
	EndGlobalSection
	GlobalSection(SolutionProperties) = preSolution
		HideSolutionNode = FALSE
	EndGlobalSection
	GlobalSection(ExtensibilityGlobals) = postSolution
		SolutionGuid = {CE3F328D-8288-4AE1-B1C5-C92049E89E51}
	EndGlobalSection
EndGlobal
